
Microsoft Visual Studio Solution File, Format Version 12.00
# Visual Studio 2013
VisualStudioVersion = 12.0.31101.0
MinimumVisualStudioVersion = 10.0.40219.1
Project("{FAE04EC0-301F-11D3-BF4B-00C04F79EFBC}") = "SchoolApp", "SchoolApp\SchoolApp.csproj", "{E0678603-EE47-49A5-AB57-68D2B052ED58}"
EndProject
Project("{FAE04EC0-301F-11D3-BF4B-00C04F79EFBC}") = "StudentsWorkersApp", "StudentsWorkersApp\StudentsWorkersApp.csproj", "{8EA064E6-2D2D-40EE-AE88-3C9676A8283C}"
EndProject
Project("{FAE04EC0-301F-11D3-BF4B-00C04F79EFBC}") = "AnimalApp", "AnimalApp\AnimalApp.csproj", "{ABC6D03B-9398-4BDF-85FC-C3B839A79DF5}"
EndProject
Global
	GlobalSection(SolutionConfigurationPlatforms) = preSolution
		Debug|Any CPU = Debug|Any CPU
		Release|Any CPU = Release|Any CPU
	EndGlobalSection
	GlobalSection(ProjectConfigurationPlatforms) = postSolution
		{E0678603-EE47-49A5-AB57-68D2B052ED58}.Debug|Any CPU.ActiveCfg = Debug|Any CPU
		{E0678603-EE47-49A5-AB57-68D2B052ED58}.Debug|Any CPU.Build.0 = Debug|Any CPU
		{E0678603-EE47-49A5-AB57-68D2B052ED58}.Release|Any CPU.ActiveCfg = Release|Any CPU
		{E0678603-EE47-49A5-AB57-68D2B052ED58}.Release|Any CPU.Build.0 = Release|Any CPU
		{8EA064E6-2D2D-40EE-AE88-3C9676A8283C}.Debug|Any CPU.ActiveCfg = Debug|Any CPU
		{8EA064E6-2D2D-40EE-AE88-3C9676A8283C}.Debug|Any CPU.Build.0 = Debug|Any CPU
		{8EA064E6-2D2D-40EE-AE88-3C9676A8283C}.Release|Any CPU.ActiveCfg = Release|Any CPU
		{8EA064E6-2D2D-40EE-AE88-3C9676A8283C}.Release|Any CPU.Build.0 = Release|Any CPU
		{ABC6D03B-9398-4BDF-85FC-C3B839A79DF5}.Debug|Any CPU.ActiveCfg = Debug|Any CPU
		{ABC6D03B-9398-4BDF-85FC-C3B839A79DF5}.Debug|Any CPU.Build.0 = Debug|Any CPU
		{ABC6D03B-9398-4BDF-85FC-C3B839A79DF5}.Release|Any CPU.ActiveCfg = Release|Any CPU
		{ABC6D03B-9398-4BDF-85FC-C3B839A79DF5}.Release|Any CPU.Build.0 = Release|Any CPU
	EndGlobalSection
	GlobalSection(SolutionProperties) = preSolution
		HideSolutionNode = FALSE
	EndGlobalSection
EndGlobal
